PODS:
  - AFNetworking (2.5.4):
    - AFNetworking/NSURLConnection (= 2.5.4)
    - AFNetworking/NSURLSession (= 2.5.4)
    - AFNetworking/Reachability (= 2.5.4)
    - AFNetworking/Security (= 2.5.4)
    - AFNetworking/Serialization (= 2.5.4)
    - AFNetworking/UIKit (= 2.5.4)
  - AFNetworking/NSURLConnection (2.5.4):
    - AFNetworking/Reachability
    - AFNetworking/Security
    - AFNetworking/Serialization
  - AFNetworking/NSURLSession (2.5.4):
    - AFNetworking/Reachability
    - AFNetworking/Security
    - AFNetworking/Serialization
  - AFNetworking/Reachability (2.5.4)
  - AFNetworking/Security (2.5.4)
  - AFNetworking/Serialization (2.5.4)
  - AFNetworking/UIKit (2.5.4):
    - AFNetworking/NSURLConnection
    - AFNetworking/NSURLSession
  - ARSegmentPager (1.0)
  - ASBPlayerScrubbing (0.1)
  - ASMediaFocusManager (0.5):
    - ASBPlayerScrubbing (~> 0.1)
  - BLKFlexibleHeightBar (1.0.2)
  - HSDatePickerViewController (1.0.1)
  - MZAppearance (1.1.5)
  - MZFormSheetController (3.0.3):
    - MZAppearance
    - MZFormSheetController/Core (= 3.0.3)
  - MZFormSheetController/Core (3.0.3):
    - MZAppearance
  - REFrostedViewController (2.4.8)
  - SVProgressHUD (1.1.3)

DEPENDENCIES:
  - AFNetworking (~> 2.0)
  - ARSegmentPager (from `https://github.com/AugustRush/ARSegmentPager.git`)
  - ASMediaFocusManager
  - BLKFlexibleHeightBar
  - HSDatePickerViewController (~> 1.0)
  - MZFormSheetController (~> 3.0)
  - REFrostedViewController (~> 2.4)
  - SVProgressHUD

EXTERNAL SOURCES:
  ARSegmentPager:
    :git: https://github.com/AugustRush/ARSegmentPager.git

CHECKOUT OPTIONS:
  ARSegmentPager:
    :commit: a645ca25da5a2aea246130ef6200e382ee71169f
    :git: https://github.com/AugustRush/ARSegmentPager.git

SPEC CHECKSUMS:
  AFNetworking: 05edc0ac4c4c8cf57bcf4b84be5b0744b6d8e71e
  ARSegmentPager: bd7bbe2e54fe6d832be600d98987647656440331
  ASBPlayerScrubbing: 0fc5e76aad6fdbcf14380734fb7f2c127cd28b66
  ASMediaFocusManager: 5a071038ada1a79abf9d0c95b6b2b1c1e5cd3a87
  BLKFlexibleHeightBar: b27572a69633d8e33f1f2bbc486b04d8e86f742d
  HSDatePickerViewController: b292f2a53b2644a68aa5e1343053d2f3554de64c
  MZAppearance: 6e9dc64e42074c0a19812a327f590746c3283bab
  MZFormSheetController: 36771856696eeef2eaec9b18c75791d3c95cb661
  REFrostedViewController: a893b4979ba1f200c547aef9ff4c3fd5a18f5923
  SVProgressHUD: 748080e4f36e603f6c02aec292664239df5279c1

COCOAPODS: 0.35.0
