// !$*UTF8*$!
{
	archiveVersion = 1;
	classes = {
	};
	objectVersion = 46;
	objects = {

/* Begin PBXBuildFile section */
		2008DD511AD3B08F002C13E5 /* CoreLocation.framework in Frameworks */ = {isa = PBXBuildFile; fileRef = 2008DD501AD3B08F002C13E5 /* CoreLocation.framework */; };
		2008DD551AD3C437002C13E5 /* AssistantClient.m in Sources */ = {isa = PBXBuildFile; fileRef = 2008DD541AD3C437002C13E5 /* AssistantClient.m */; };
		2008DD581AD3C71A002C13E5 /* DataPoint.m in Sources */ = {isa = PBXBuildFile; fileRef = 2008DD571AD3C71A002C13E5 /* DataPoint.m */; };
		200B01331AF64301008A52AB /* DataPointAnnotation.m in Sources */ = {isa = PBXBuildFile; fileRef = 200B01321AF64301008A52AB /* DataPointAnnotation.m */; };
		20236F5E1AFF3BE800BB5ADA /* LFHeatMap.m in Sources */ = {isa = PBXBuildFile; fileRef = 20236F5D1AFF3BE800BB5ADA /* LFHeatMap.m */; };
		20236F601AFF3C9500BB5ADA /* Foundation.framework in Frameworks */ = {isa = PBXBuildFile; fileRef = 20236F5F1AFF3C9500BB5ADA /* Foundation.framework */; };
		202447201AED07C800BCD2B5 /* quake.plist in Resources */ = {isa = PBXBuildFile; fileRef = 2024471F1AED07C800BCD2B5 /* quake.plist */; };
		202447261AED1AE800BCD2B5 /* MapViewController.m in Sources */ = {isa = PBXBuildFile; fileRef = 202447251AED1AE800BCD2B5 /* MapViewController.m */; };
		202447281AED1EF400BCD2B5 /* MapKit.framework in Frameworks */ = {isa = PBXBuildFile; fileRef = 202447271AED1EF400BCD2B5 /* MapKit.framework */; };
		20634B531AFE4B4B005A06F1 /* FAIndexTableViewCell.m in Sources */ = {isa = PBXBuildFile; fileRef = 20634B521AFE4B4B005A06F1 /* FAIndexTableViewCell.m */; };
		2074E6461AD2AFA100C992B6 /* DetailTableViewController.m in Sources */ = {isa = PBXBuildFile; fileRef = 2074E6451AD2AFA100C992B6 /* DetailTableViewController.m */; };
		2079FE781AD262C000193190 /* PopupInfoView.m in Sources */ = {isa = PBXBuildFile; fileRef = 2079FE771AD262C000193190 /* PopupInfoView.m */; };
		2079FE7A1AD262E700193190 /* PopupInfoView.xib in Resources */ = {isa = PBXBuildFile; fileRef = 2079FE791AD262E700193190 /* PopupInfoView.xib */; };
		207A200E1B178A1000CEBFC7 /* FMRootViewController.m in Sources */ = {isa = PBXBuildFile; fileRef = 207A200D1B178A1000CEBFC7 /* FMRootViewController.m */; };
		207A20111B178A9800CEBFC7 /* FMRootNavigationController.m in Sources */ = {isa = PBXBuildFile; fileRef = 207A20101B178A9800CEBFC7 /* FMRootNavigationController.m */; };
		207A20141B178BD700CEBFC7 /* FMMenuTableViewController.m in Sources */ = {isa = PBXBuildFile; fileRef = 207A20131B178BD700CEBFC7 /* FMMenuTableViewController.m */; };
		20CFBE8F1ACFE2EC00289A17 /* main.m in Sources */ = {isa = PBXBuildFile; fileRef = 20CFBE8E1ACFE2EC00289A17 /* main.m */; };
		20CFBE921ACFE2EC00289A17 /* AppDelegate.m in Sources */ = {isa = PBXBuildFile; fileRef = 20CFBE911ACFE2EC00289A17 /* AppDelegate.m */; };
		20CFBE981ACFE2EC00289A17 /* Main.storyboard in Resources */ = {isa = PBXBuildFile; fileRef = 20CFBE961ACFE2EC00289A17 /* Main.storyboard */; };
		20CFBE9A1ACFE2EC00289A17 /* Images.xcassets in Resources */ = {isa = PBXBuildFile; fileRef = 20CFBE991ACFE2EC00289A17 /* Images.xcassets */; };
		20CFBE9D1ACFE2EC00289A17 /* LaunchScreen.xib in Resources */ = {isa = PBXBuildFile; fileRef = 20CFBE9B1ACFE2EC00289A17 /* LaunchScreen.xib */; };
		20CFBEA91ACFE2ED00289A17 /* ME310FarmAssistantTests.m in Sources */ = {isa = PBXBuildFile; fileRef = 20CFBEA81ACFE2ED00289A17 /* ME310FarmAssistantTests.m */; };
		A7CD0AF3B5FB0E87C322F543 /* libPods-ME310FarmAssistant.a in Frameworks */ = {isa = PBXBuildFile; fileRef = BEF3B7A44564767B65C1F8F0 /* libPods-ME310FarmAssistant.a */; };
		D88898CC1AF7A1E9006620D8 /* FAMapOverlay.m in Sources */ = {isa = PBXBuildFile; fileRef = D88898CB1AF7A1E9006620D8 /* FAMapOverlay.m */; };
		D88898CF1AF7A210006620D8 /* FAMapOverlayView.m in Sources */ = {isa = PBXBuildFile; fileRef = D88898CE1AF7A210006620D8 /* FAMapOverlayView.m */; };
		D8954EF41B18DD3300E53467 /* FAMenuHeaderViewController.m in Sources */ = {isa = PBXBuildFile; fileRef = D8954EF31B18DD3300E53467 /* FAMenuHeaderViewController.m */; };
		D8954EF71B18DE5E00E53467 /* MenuHeader.m in Sources */ = {isa = PBXBuildFile; fileRef = D8954EF61B18DE5E00E53467 /* MenuHeader.m */; };
		D8954EF91B18DECA00E53467 /* MenuHeader.xib in Resources */ = {isa = PBXBuildFile; fileRef = D8954EF81B18DECA00E53467 /* MenuHeader.xib */; };
/* End PBXBuildFile section */

/* Begin PBXContainerItemProxy section */
		20CFBEA31ACFE2ED00289A17 /* PBXContainerItemProxy */ = {
			isa = PBXContainerItemProxy;
			containerPortal = 20CFBE811ACFE2EC00289A17 /* Project object */;
			proxyType = 1;
			remoteGlobalIDString = 20CFBE881ACFE2EC00289A17;
			remoteInfo = ME310FarmAssistant;
		};
/* End PBXContainerItemProxy section */

/* Begin PBXFileReference section */
		03E5A902E9D6F750EDD95FE9 /* Pods-ME310FarmAssistant.release.xcconfig */ = {isa = PBXFileReference; includeInIndex = 1; lastKnownFileType = text.xcconfig; name = "Pods-ME310FarmAssistant.release.xcconfig"; path = "Pods/Target Support Files/Pods-ME310FarmAssistant/Pods-ME310FarmAssistant.release.xcconfig"; sourceTree = "<group>"; };
		130AF8342476709697BABBB3 /* Pods-ME310FarmAssistant.debug.xcconfig */ = {isa = PBXFileReference; includeInIndex = 1; lastKnownFileType = text.xcconfig; name = "Pods-ME310FarmAssistant.debug.xcconfig"; path = "Pods/Target Support Files/Pods-ME310FarmAssistant/Pods-ME310FarmAssistant.debug.xcconfig"; sourceTree = "<group>"; };
		2008DD501AD3B08F002C13E5 /* CoreLocation.framework */ = {isa = PBXFileReference; lastKnownFileType = wrapper.framework; name = CoreLocation.framework; path = System/Library/Frameworks/CoreLocation.framework; sourceTree = SDKROOT; };
		2008DD531AD3C437002C13E5 /* AssistantClient.h */ = {isa = PBXFileReference; fileEncoding = 4; lastKnownFileType = sourcecode.c.h; path = AssistantClient.h; sourceTree = "<group>"; };
		2008DD541AD3C437002C13E5 /* AssistantClient.m */ = {isa = PBXFileReference; fileEncoding = 4; lastKnownFileType = sourcecode.c.objc; path = AssistantClient.m; sourceTree = "<group>"; };
		2008DD561AD3C71A002C13E5 /* DataPoint.h */ = {isa = PBXFileReference; fileEncoding = 4; lastKnownFileType = sourcecode.c.h; path = DataPoint.h; sourceTree = "<group>"; };
		2008DD571AD3C71A002C13E5 /* DataPoint.m */ = {isa = PBXFileReference; fileEncoding = 4; lastKnownFileType = sourcecode.c.objc; path = DataPoint.m; sourceTree = "<group>"; };
		200B01311AF64301008A52AB /* DataPointAnnotation.h */ = {isa = PBXFileReference; fileEncoding = 4; lastKnownFileType = sourcecode.c.h; path = DataPointAnnotation.h; sourceTree = "<group>"; };
		200B01321AF64301008A52AB /* DataPointAnnotation.m */ = {isa = PBXFileReference; fileEncoding = 4; lastKnownFileType = sourcecode.c.objc; path = DataPointAnnotation.m; sourceTree = "<group>"; };
		20236F581AFF3BD700BB5ADA /* LFHeatMap.h */ = {isa = PBXFileReference; fileEncoding = 4; lastKnownFileType = sourcecode.c.h; path = LFHeatMap.h; sourceTree = "<group>"; };
		20236F591AFF3BD700BB5ADA /* LFHeatMap.m */ = {isa = PBXFileReference; fileEncoding = 4; lastKnownFileType = sourcecode.c.objc; path = LFHeatMap.m; sourceTree = "<group>"; };
		20236F5C1AFF3BE800BB5ADA /* LFHeatMap.h */ = {isa = PBXFileReference; fileEncoding = 4; lastKnownFileType = sourcecode.c.h; path = LFHeatMap.h; sourceTree = "<group>"; };
		20236F5D1AFF3BE800BB5ADA /* LFHeatMap.m */ = {isa = PBXFileReference; fileEncoding = 4; lastKnownFileType = sourcecode.c.objc; path = LFHeatMap.m; sourceTree = "<group>"; };
		20236F5F1AFF3C9500BB5ADA /* Foundation.framework */ = {isa = PBXFileReference; lastKnownFileType = wrapper.framework; name = Foundation.framework; path = System/Library/Frameworks/Foundation.framework; sourceTree = SDKROOT; };
		2024471F1AED07C800BCD2B5 /* quake.plist */ = {isa = PBXFileReference; fileEncoding = 4; lastKnownFileType = text.plist.xml; name = quake.plist; path = ME310FarmAssistant/quake.plist; sourceTree = "<group>"; };
		202447241AED1AE800BCD2B5 /* MapViewController.h */ = {isa = PBXFileReference; fileEncoding = 4; lastKnownFileType = sourcecode.c.h; path = MapViewController.h; sourceTree = "<group>"; };
		202447251AED1AE800BCD2B5 /* MapViewController.m */ = {isa = PBXFileReference; fileEncoding = 4; lastKnownFileType = sourcecode.c.objc; path = MapViewController.m; sourceTree = "<group>"; };
		202447271AED1EF400BCD2B5 /* MapKit.framework */ = {isa = PBXFileReference; lastKnownFileType = wrapper.framework; name = MapKit.framework; path = System/Library/Frameworks/MapKit.framework; sourceTree = SDKROOT; };
		20634B511AFE4B4B005A06F1 /* FAIndexTableViewCell.h */ = {isa = PBXFileReference; fileEncoding = 4; lastKnownFileType = sourcecode.c.h; path = FAIndexTableViewCell.h; sourceTree = "<group>"; };
		20634B521AFE4B4B005A06F1 /* FAIndexTableViewCell.m */ = {isa = PBXFileReference; fileEncoding = 4; lastKnownFileType = sourcecode.c.objc; path = FAIndexTableViewCell.m; sourceTree = "<group>"; };
		2074E6441AD2AFA100C992B6 /* DetailTableViewController.h */ = {isa = PBXFileReference; fileEncoding = 4; lastKnownFileType = sourcecode.c.h; path = DetailTableViewController.h; sourceTree = "<group>"; };
		2074E6451AD2AFA100C992B6 /* DetailTableViewController.m */ = {isa = PBXFileReference; fileEncoding = 4; lastKnownFileType = sourcecode.c.objc; path = DetailTableViewController.m; sourceTree = "<group>"; };
		2079FE761AD262C000193190 /* PopupInfoView.h */ = {isa = PBXFileReference; fileEncoding = 4; lastKnownFileType = sourcecode.c.h; path = PopupInfoView.h; sourceTree = "<group>"; };
		2079FE771AD262C000193190 /* PopupInfoView.m */ = {isa = PBXFileReference; fileEncoding = 4; lastKnownFileType = sourcecode.c.objc; path = PopupInfoView.m; sourceTree = "<group>"; };
		2079FE791AD262E700193190 /* PopupInfoView.xib */ = {isa = PBXFileReference; fileEncoding = 4; lastKnownFileType = file.xib; path = PopupInfoView.xib; sourceTree = "<group>"; };
		207A200C1B178A1000CEBFC7 /* FMRootViewController.h */ = {isa = PBXFileReference; fileEncoding = 4; lastKnownFileType = sourcecode.c.h; path = FMRootViewController.h; sourceTree = "<group>"; };
		207A200D1B178A1000CEBFC7 /* FMRootViewController.m */ = {isa = PBXFileReference; fileEncoding = 4; lastKnownFileType = sourcecode.c.objc; path = FMRootViewController.m; sourceTree = "<group>"; };
		207A200F1B178A9800CEBFC7 /* FMRootNavigationController.h */ = {isa = PBXFileReference; fileEncoding = 4; lastKnownFileType = sourcecode.c.h; path = FMRootNavigationController.h; sourceTree = "<group>"; };
		207A20101B178A9800CEBFC7 /* FMRootNavigationController.m */ = {isa = PBXFileReference; fileEncoding = 4; lastKnownFileType = sourcecode.c.objc; path = FMRootNavigationController.m; sourceTree = "<group>"; };
		207A20121B178BD700CEBFC7 /* FMMenuTableViewController.h */ = {isa = PBXFileReference; fileEncoding = 4; lastKnownFileType = sourcecode.c.h; path = FMMenuTableViewController.h; sourceTree = "<group>"; };
		207A20131B178BD700CEBFC7 /* FMMenuTableViewController.m */ = {isa = PBXFileReference; fileEncoding = 4; lastKnownFileType = sourcecode.c.objc; path = FMMenuTableViewController.m; sourceTree = "<group>"; };
		20CFBE891ACFE2EC00289A17 /* ME310FarmAssistant.app */ = {isa = PBXFileReference; explicitFileType = wrapper.application; includeInIndex = 0; path = ME310FarmAssistant.app; sourceTree = BUILT_PRODUCTS_DIR; };
		20CFBE8D1ACFE2EC00289A17 /* Info.plist */ = {isa = PBXFileReference; lastKnownFileType = text.plist.xml; path = Info.plist; sourceTree = "<group>"; };
		20CFBE8E1ACFE2EC00289A17 /* main.m */ = {isa = PBXFileReference; lastKnownFileType = sourcecode.c.objc; path = main.m; sourceTree = "<group>"; };
		20CFBE901ACFE2EC00289A17 /* AppDelegate.h */ = {isa = PBXFileReference; lastKnownFileType = sourcecode.c.h; path = AppDelegate.h; sourceTree = "<group>"; };
		20CFBE911ACFE2EC00289A17 /* AppDelegate.m */ = {isa = PBXFileReference; lastKnownFileType = sourcecode.c.objc; path = AppDelegate.m; sourceTree = "<group>"; };
		20CFBE971ACFE2EC00289A17 /* Base */ = {isa = PBXFileReference; lastKnownFileType = file.storyboard; name = Base; path = Base.lproj/Main.storyboard; sourceTree = "<group>"; };
		20CFBE991ACFE2EC00289A17 /* Images.xcassets */ = {isa = PBXFileReference; lastKnownFileType = folder.assetcatalog; path = Images.xcassets; sourceTree = "<group>"; };
		20CFBE9C1ACFE2EC00289A17 /* Base */ = {isa = PBXFileReference; lastKnownFileType = file.xib; name = Base; path = Base.lproj/LaunchScreen.xib; sourceTree = "<group>"; };
		20CFBEA21ACFE2ED00289A17 /* ME310FarmAssistantTests.xctest */ = {isa = PBXFileReference; explicitFileType = wrapper.cfbundle; includeInIndex = 0; path = ME310FarmAssistantTests.xctest; sourceTree = BUILT_PRODUCTS_DIR; };
		20CFBEA71ACFE2ED00289A17 /* Info.plist */ = {isa = PBXFileReference; lastKnownFileType = text.plist.xml; path = Info.plist; sourceTree = "<group>"; };
		20CFBEA81ACFE2ED00289A17 /* ME310FarmAssistantTests.m */ = {isa = PBXFileReference; lastKnownFileType = sourcecode.c.objc; path = ME310FarmAssistantTests.m; sourceTree = "<group>"; };
		20CFBEB21ACFEADA00289A17 /* ME310FarmAssistant-Prefix.pch */ = {isa = PBXFileReference; lastKnownFileType = sourcecode.c.h; path = "ME310FarmAssistant-Prefix.pch"; sourceTree = "<group>"; };
		20D8AD8C1AF752AE0070483A /* API.h */ = {isa = PBXFileReference; lastKnownFileType = sourcecode.c.h; path = API.h; sourceTree = "<group>"; };
		BEF3B7A44564767B65C1F8F0 /* libPods-ME310FarmAssistant.a */ = {isa = PBXFileReference; explicitFileType = archive.ar; includeInIndex = 0; path = "libPods-ME310FarmAssistant.a"; sourceTree = BUILT_PRODUCTS_DIR; };
		D88898CA1AF7A1E9006620D8 /* FAMapOverlay.h */ = {isa = PBXFileReference; fileEncoding = 4; lastKnownFileType = sourcecode.c.h; path = FAMapOverlay.h; sourceTree = "<group>"; };
		D88898CB1AF7A1E9006620D8 /* FAMapOverlay.m */ = {isa = PBXFileReference; fileEncoding = 4; lastKnownFileType = sourcecode.c.objc; path = FAMapOverlay.m; sourceTree = "<group>"; };
		D88898CD1AF7A210006620D8 /* FAMapOverlayView.h */ = {isa = PBXFileReference; fileEncoding = 4; lastKnownFileType = sourcecode.c.h; path = FAMapOverlayView.h; sourceTree = "<group>"; };
		D88898CE1AF7A210006620D8 /* FAMapOverlayView.m */ = {isa = PBXFileReference; fileEncoding = 4; lastKnownFileType = sourcecode.c.objc; path = FAMapOverlayView.m; sourceTree = "<group>"; };
		D8954EF21B18DD3300E53467 /* FAMenuHeaderViewController.h */ = {isa = PBXFileReference; fileEncoding = 4; lastKnownFileType = sourcecode.c.h; path = FAMenuHeaderViewController.h; sourceTree = "<group>"; };
		D8954EF31B18DD3300E53467 /* FAMenuHeaderViewController.m */ = {isa = PBXFileReference; fileEncoding = 4; lastKnownFileType = sourcecode.c.objc; path = FAMenuHeaderViewController.m; sourceTree = "<group>"; };
		D8954EF51B18DE5E00E53467 /* MenuHeader.h */ = {isa = PBXFileReference; fileEncoding = 4; lastKnownFileType = sourcecode.c.h; path = MenuHeader.h; sourceTree = "<group>"; };
		D8954EF61B18DE5E00E53467 /* MenuHeader.m */ = {isa = PBXFileReference; fileEncoding = 4; lastKnownFileType = sourcecode.c.objc; path = MenuHeader.m; sourceTree = "<group>"; };
		D8954EF81B18DECA00E53467 /* MenuHeader.xib */ = {isa = PBXFileReference; fileEncoding = 4; lastKnownFileType = file.xib; path = MenuHeader.xib; sourceTree = "<group>"; };
/* End PBXFileReference section */

/* Begin PBXFrameworksBuildPhase section */
		20CFBE861ACFE2EC00289A17 /* Frameworks */ = {
			isa = PBXFrameworksBuildPhase;
			buildActionMask = 2147483647;
			files = (
				20236F601AFF3C9500BB5ADA /* Foundation.framework in Frameworks */,
				202447281AED1EF400BCD2B5 /* MapKit.framework in Frameworks */,
				2008DD511AD3B08F002C13E5 /* CoreLocation.framework in Frameworks */,
				A7CD0AF3B5FB0E87C322F543 /* libPods-ME310FarmAssistant.a in Frameworks */,
			);
			runOnlyForDeploymentPostprocessing = 0;
		};
		20CFBE9F1ACFE2ED00289A17 /* Frameworks */ = {
			isa = PBXFrameworksBuildPhase;
			buildActionMask = 2147483647;
			files = (
			);
			runOnlyForDeploymentPostprocessing = 0;
		};
/* End PBXFrameworksBuildPhase section */

/* Begin PBXGroup section */
		2008DD521AD3C3FA002C13E5 /* Model */ = {
			isa = PBXGroup;
			children = (
				2008DD531AD3C437002C13E5 /* AssistantClient.h */,
				2008DD541AD3C437002C13E5 /* AssistantClient.m */,
				2008DD561AD3C71A002C13E5 /* DataPoint.h */,
				2008DD571AD3C71A002C13E5 /* DataPoint.m */,
			);
			name = Model;
			sourceTree = "<group>";
		};
		20236F561AFF3BD700BB5ADA /* External */ = {
			isa = PBXGroup;
			children = (
				20236F5B1AFF3BE800BB5ADA /* LFHeatMap */,
			);
			name = External;
			path = ME310FarmAssistant/External;
			sourceTree = "<group>";
		};
		20236F571AFF3BD700BB5ADA /* LFHeatMap */ = {
			isa = PBXGroup;
			children = (
				20236F581AFF3BD700BB5ADA /* LFHeatMap.h */,
				20236F591AFF3BD700BB5ADA /* LFHeatMap.m */,
			);
			name = LFHeatMap;
			path = ME310FarmAssistant/External/LFHeatMap;
			sourceTree = "<group>";
		};
		20236F5B1AFF3BE800BB5ADA /* LFHeatMap */ = {
			isa = PBXGroup;
			children = (
				20236F5C1AFF3BE800BB5ADA /* LFHeatMap.h */,
				20236F5D1AFF3BE800BB5ADA /* LFHeatMap.m */,
			);
			path = LFHeatMap;
			sourceTree = "<group>";
		};
		20634B541AFE5F52005A06F1 /* MapObject */ = {
			isa = PBXGroup;
			children = (
				200B01311AF64301008A52AB /* DataPointAnnotation.h */,
				200B01321AF64301008A52AB /* DataPointAnnotation.m */,
				D88898CA1AF7A1E9006620D8 /* FAMapOverlay.h */,
				D88898CB1AF7A1E9006620D8 /* FAMapOverlay.m */,
			);
			name = MapObject;
			sourceTree = "<group>";
		};
		2074E6431AD2AF6D00C992B6 /* ViewControllers */ = {
			isa = PBXGroup;
			children = (
				207A200C1B178A1000CEBFC7 /* FMRootViewController.h */,
				207A200D1B178A1000CEBFC7 /* FMRootViewController.m */,
				207A200F1B178A9800CEBFC7 /* FMRootNavigationController.h */,
				207A20101B178A9800CEBFC7 /* FMRootNavigationController.m */,
				207A20121B178BD700CEBFC7 /* FMMenuTableViewController.h */,
				207A20131B178BD700CEBFC7 /* FMMenuTableViewController.m */,
				D8954EF21B18DD3300E53467 /* FAMenuHeaderViewController.h */,
				D8954EF31B18DD3300E53467 /* FAMenuHeaderViewController.m */,
				2074E6441AD2AFA100C992B6 /* DetailTableViewController.h */,
				2074E6451AD2AFA100C992B6 /* DetailTableViewController.m */,
				202447241AED1AE800BCD2B5 /* MapViewController.h */,
				202447251AED1AE800BCD2B5 /* MapViewController.m */,
			);
			name = ViewControllers;
			sourceTree = "<group>";
		};
		2079FE731AD2620D00193190 /* Views */ = {
			isa = PBXGroup;
			children = (
				D88898CD1AF7A210006620D8 /* FAMapOverlayView.h */,
				D88898CE1AF7A210006620D8 /* FAMapOverlayView.m */,
				D8954EF51B18DE5E00E53467 /* MenuHeader.h */,
				D8954EF61B18DE5E00E53467 /* MenuHeader.m */,
				D8954EF81B18DECA00E53467 /* MenuHeader.xib */,
				2079FE761AD262C000193190 /* PopupInfoView.h */,
				2079FE771AD262C000193190 /* PopupInfoView.m */,
				2079FE791AD262E700193190 /* PopupInfoView.xib */,
				20634B511AFE4B4B005A06F1 /* FAIndexTableViewCell.h */,
				20634B521AFE4B4B005A06F1 /* FAIndexTableViewCell.m */,
			);
			name = Views;
			sourceTree = "<group>";
		};
		20CFBE801ACFE2EC00289A17 = {
			isa = PBXGroup;
			children = (
				2024471F1AED07C800BCD2B5 /* quake.plist */,
				20CFBE8B1ACFE2EC00289A17 /* ME310FarmAssistant */,
				20CFBEA51ACFE2ED00289A17 /* ME310FarmAssistantTests */,
				20CFBE8A1ACFE2EC00289A17 /* Products */,
				20236F571AFF3BD700BB5ADA /* LFHeatMap */,
				20236F561AFF3BD700BB5ADA /* External */,
				EF3C606120BA9C120BC57085 /* Pods */,
				2ED15708898199E59A6AB6D0 /* Frameworks */,
			);
			sourceTree = "<group>";
		};
		20CFBE8A1ACFE2EC00289A17 /* Products */ = {
			isa = PBXGroup;
			children = (
				20CFBE891ACFE2EC00289A17 /* ME310FarmAssistant.app */,
				20CFBEA21ACFE2ED00289A17 /* ME310FarmAssistantTests.xctest */,
			);
			name = Products;
			sourceTree = "<group>";
		};
		20CFBE8B1ACFE2EC00289A17 /* ME310FarmAssistant */ = {
			isa = PBXGroup;
			children = (
				20CFBE901ACFE2EC00289A17 /* AppDelegate.h */,
				20CFBE911ACFE2EC00289A17 /* AppDelegate.m */,
				20CFBE961ACFE2EC00289A17 /* Main.storyboard */,
				20CFBE991ACFE2EC00289A17 /* Images.xcassets */,
				20CFBE9B1ACFE2EC00289A17 /* LaunchScreen.xib */,
				20634B541AFE5F52005A06F1 /* MapObject */,
				2008DD521AD3C3FA002C13E5 /* Model */,
				2074E6431AD2AF6D00C992B6 /* ViewControllers */,
				2079FE731AD2620D00193190 /* Views */,
				20CFBE8C1ACFE2EC00289A17 /* Supporting Files */,
			);
			path = ME310FarmAssistant;
			sourceTree = "<group>";
		};
		20CFBE8C1ACFE2EC00289A17 /* Supporting Files */ = {
			isa = PBXGroup;
			children = (
				20CFBE8D1ACFE2EC00289A17 /* Info.plist */,
				20CFBE8E1ACFE2EC00289A17 /* main.m */,
				20CFBEB21ACFEADA00289A17 /* ME310FarmAssistant-Prefix.pch */,
				20D8AD8C1AF752AE0070483A /* API.h */,
			);
			name = "Supporting Files";
			sourceTree = "<group>";
		};
		20CFBEA51ACFE2ED00289A17 /* ME310FarmAssistantTests */ = {
			isa = PBXGroup;
			children = (
				20CFBEA81ACFE2ED00289A17 /* ME310FarmAssistantTests.m */,
				20CFBEA61ACFE2ED00289A17 /* Supporting Files */,
			);
			path = ME310FarmAssistantTests;
			sourceTree = "<group>";
		};
		20CFBEA61ACFE2ED00289A17 /* Supporting Files */ = {
			isa = PBXGroup;
			children = (
				20CFBEA71ACFE2ED00289A17 /* Info.plist */,
			);
			name = "Supporting Files";
			sourceTree = "<group>";
		};
		2ED15708898199E59A6AB6D0 /* Frameworks */ = {
			isa = PBXGroup;
			children = (
				20236F5F1AFF3C9500BB5ADA /* Foundation.framework */,
				202447271AED1EF400BCD2B5 /* MapKit.framework */,
				2008DD501AD3B08F002C13E5 /* CoreLocation.framework */,
				BEF3B7A44564767B65C1F8F0 /* libPods-ME310FarmAssistant.a */,
			);
			name = Frameworks;
			sourceTree = "<group>";
		};
		EF3C606120BA9C120BC57085 /* Pods */ = {
			isa = PBXGroup;
			children = (
				130AF8342476709697BABBB3 /* Pods-ME310FarmAssistant.debug.xcconfig */,
				03E5A902E9D6F750EDD95FE9 /* Pods-ME310FarmAssistant.release.xcconfig */,
			);
			name = Pods;
			sourceTree = "<group>";
		};
/* End PBXGroup section */

/* Begin PBXNativeTarget section */
		20CFBE881ACFE2EC00289A17 /* ME310FarmAssistant */ = {
			isa = PBXNativeTarget;
			buildConfigurationList = 20CFBEAC1ACFE2ED00289A17 /* Build configuration list for PBXNativeTarget "ME310FarmAssistant" */;
			buildPhases = (
				6B367480706DE6F512702748 /* Check Pods Manifest.lock */,
				20CFBE851ACFE2EC00289A17 /* Sources */,
				20CFBE861ACFE2EC00289A17 /* Frameworks */,
				20CFBE871ACFE2EC00289A17 /* Resources */,
				7BD710153EEE3FD32C01FAF1 /* Copy Pods Resources */,
			);
			buildRules = (
			);
			dependencies = (
			);
			name = ME310FarmAssistant;
			productName = ME310FarmAssistant;
			productReference = 20CFBE891ACFE2EC00289A17 /* ME310FarmAssistant.app */;
			productType = "com.apple.product-type.application";
		};
		20CFBEA11ACFE2ED00289A17 /* ME310FarmAssistantTests */ = {
			isa = PBXNativeTarget;
			buildConfigurationList = 20CFBEAF1ACFE2ED00289A17 /* Build configuration list for PBXNativeTarget "ME310FarmAssistantTests" */;
			buildPhases = (
				20CFBE9E1ACFE2ED00289A17 /* Sources */,
				20CFBE9F1ACFE2ED00289A17 /* Frameworks */,
				20CFBEA01ACFE2ED00289A17 /* Resources */,
			);
			buildRules = (
			);
			dependencies = (
				20CFBEA41ACFE2ED00289A17 /* PBXTargetDependency */,
			);
			name = ME310FarmAssistantTests;
			productName = ME310FarmAssistantTests;
			productReference = 20CFBEA21ACFE2ED00289A17 /* ME310FarmAssistantTests.xctest */;
			productType = "com.apple.product-type.bundle.unit-test";
		};
/* End PBXNativeTarget section */

/* Begin PBXProject section */
		20CFBE811ACFE2EC00289A17 /* Project object */ = {
			isa = PBXProject;
			attributes = {
				LastUpgradeCheck = 0610;
				ORGANIZATIONNAME = "Tom Hu";
				TargetAttributes = {
					20CFBE881ACFE2EC00289A17 = {
						CreatedOnToolsVersion = 6.1.1;
						DevelopmentTeam = GS9T9X284M;
						SystemCapabilities = {
							com.apple.Maps.iOS = {
								enabled = 0;
							};
						};
					};
					20CFBEA11ACFE2ED00289A17 = {
						CreatedOnToolsVersion = 6.1.1;
						TestTargetID = 20CFBE881ACFE2EC00289A17;
					};
				};
			};
			buildConfigurationList = 20CFBE841ACFE2EC00289A17 /* Build configuration list for PBXProject "ME310FarmAssistant" */;
			compatibilityVersion = "Xcode 3.2";
			developmentRegion = English;
			hasScannedForEncodings = 0;
			knownRegions = (
				en,
				Base,
			);
			mainGroup = 20CFBE801ACFE2EC00289A17;
			productRefGroup = 20CFBE8A1ACFE2EC00289A17 /* Products */;
			projectDirPath = "";
			projectRoot = "";
			targets = (
				20CFBE881ACFE2EC00289A17 /* ME310FarmAssistant */,
				20CFBEA11ACFE2ED00289A17 /* ME310FarmAssistantTests */,
			);
		};
/* End PBXProject section */

/* Begin PBXResourcesBuildPhase section */
		20CFBE871ACFE2EC00289A17 /* Resources */ = {
			isa = PBXResourcesBuildPhase;
			buildActionMask = 2147483647;
			files = (
				20CFBE981ACFE2EC00289A17 /* Main.storyboard in Resources */,
				2079FE7A1AD262E700193190 /* PopupInfoView.xib in Resources */,
				202447201AED07C800BCD2B5 /* quake.plist in Resources */,
				D8954EF91B18DECA00E53467 /* MenuHeader.xib in Resources */,
				20CFBE9D1ACFE2EC00289A17 /* LaunchScreen.xib in Resources */,
				20CFBE9A1ACFE2EC00289A17 /* Images.xcassets in Resources */,
			);
			runOnlyForDeploymentPostprocessing = 0;
		};
		20CFBEA01ACFE2ED00289A17 /* Resources */ = {
			isa = PBXResourcesBuildPhase;
			buildActionMask = 2147483647;
			files = (
			);
			runOnlyForDeploymentPostprocessing = 0;
		};
/* End PBXResourcesBuildPhase section */

/* Begin PBXShellScriptBuildPhase section */
		6B367480706DE6F512702748 /* Check Pods Manifest.lock */ = {
			isa = PBXShellScriptBuildPhase;
			buildActionMask = 2147483647;
			files = (
			);
			inputPaths = (
			);
			name = "Check Pods Manifest.lock";
			outputPaths = (
			);
			runOnlyForDeploymentPostprocessing = 0;
			shellPath = /bin/sh;
			shellScript = "diff \"${PODS_ROOT}/../Podfile.lock\" \"${PODS_ROOT}/Manifest.lock\" > /dev/null\nif [[ $? != 0 ]] ; then\n    cat << EOM\nerror: The sandbox is not in sync with the Podfile.lock. Run 'pod install' or update your CocoaPods installation.\nEOM\n    exit 1\nfi\n";
			showEnvVarsInLog = 0;
		};
		7BD710153EEE3FD32C01FAF1 /* Copy Pods Resources */ = {
			isa = PBXShellScriptBuildPhase;
			buildActionMask = 2147483647;
			files = (
			);
			inputPaths = (
			);
			name = "Copy Pods Resources";
			outputPaths = (
			);
			runOnlyForDeploymentPostprocessing = 0;
			shellPath = /bin/sh;
			shellScript = "\"${SRCROOT}/Pods/Target Support Files/Pods-ME310FarmAssistant/Pods-ME310FarmAssistant-resources.sh\"\n";
			showEnvVarsInLog = 0;
		};
/* End PBXShellScriptBuildPhase section */

/* Begin PBXSourcesBuildPhase section */
		20CFBE851ACFE2EC00289A17 /* Sources */ = {
			isa = PBXSourcesBuildPhase;
			buildActionMask = 2147483647;
			files = (
				D88898CC1AF7A1E9006620D8 /* FAMapOverlay.m in Sources */,
				D8954EF71B18DE5E00E53467 /* MenuHeader.m in Sources */,
				2074E6461AD2AFA100C992B6 /* DetailTableViewController.m in Sources */,
				200B01331AF64301008A52AB /* DataPointAnnotation.m in Sources */,
				207A20111B178A9800CEBFC7 /* FMRootNavigationController.m in Sources */,
				D88898CF1AF7A210006620D8 /* FAMapOverlayView.m in Sources */,
				207A20141B178BD700CEBFC7 /* FMMenuTableViewController.m in Sources */,
				2008DD551AD3C437002C13E5 /* AssistantClient.m in Sources */,
				2008DD581AD3C71A002C13E5 /* DataPoint.m in Sources */,
				202447261AED1AE800BCD2B5 /* MapViewController.m in Sources */,
				20634B531AFE4B4B005A06F1 /* FAIndexTableViewCell.m in Sources */,
				D8954EF41B18DD3300E53467 /* FAMenuHeaderViewController.m in Sources */,
				20236F5E1AFF3BE800BB5ADA /* LFHeatMap.m in Sources */,
				2079FE781AD262C000193190 /* PopupInfoView.m in Sources */,
				207A200E1B178A1000CEBFC7 /* FMRootViewController.m in Sources */,
				20CFBE921ACFE2EC00289A17 /* AppDelegate.m in Sources */,
				20CFBE8F1ACFE2EC00289A17 /* main.m in Sources */,
			);
			runOnlyForDeploymentPostprocessing = 0;
		};
		20CFBE9E1ACFE2ED00289A17 /* Sources */ = {
			isa = PBXSourcesBuildPhase;
			buildActionMask = 2147483647;
			files = (
				20CFBEA91ACFE2ED00289A17 /* ME310FarmAssistantTests.m in Sources */,
			);
			runOnlyForDeploymentPostprocessing = 0;
		};
/* End PBXSourcesBuildPhase section */

/* Begin PBXTargetDependency section */
		20CFBEA41ACFE2ED00289A17 /* PBXTargetDependency */ = {
			isa = PBXTargetDependency;
			target = 20CFBE881ACFE2EC00289A17 /* ME310FarmAssistant */;
			targetProxy = 20CFBEA31ACFE2ED00289A17 /* PBXContainerItemProxy */;
		};
/* End PBXTargetDependency section */

/* Begin PBXVariantGroup section */
		20CFBE961ACFE2EC00289A17 /* Main.storyboard */ = {
			isa = PBXVariantGroup;
			children = (
				20CFBE971ACFE2EC00289A17 /* Base */,
			);
			name = Main.storyboard;
			sourceTree = "<group>";
		};
		20CFBE9B1ACFE2EC00289A17 /* LaunchScreen.xib */ = {
			isa = PBXVariantGroup;
			children = (
				20CFBE9C1ACFE2EC00289A17 /* Base */,
			);
			name = LaunchScreen.xib;
			sourceTree = "<group>";
		};
/* End PBXVariantGroup section */

/* Begin XCBuildConfiguration section */
		20CFBEAA1ACFE2ED00289A17 /* Debug */ = {
			isa = XCBuildConfiguration;
			buildSettings = {
				ALWAYS_SEARCH_USER_PATHS = NO;
				CLANG_CXX_LANGUAGE_STANDARD = "gnu++0x";
				CLANG_CXX_LIBRARY = "libc++";
				CLANG_ENABLE_MODULES = YES;
				CLANG_ENABLE_OBJC_ARC = YES;
				CLANG_WARN_BOOL_CONVERSION = YES;
				CLANG_WARN_CONSTANT_CONVERSION = YES;
				CLANG_WARN_DIRECT_OBJC_ISA_USAGE = YES_ERROR;
				CLANG_WARN_EMPTY_BODY = YES;
				CLANG_WARN_ENUM_CONVERSION = YES;
				CLANG_WARN_INT_CONVERSION = YES;
				CLANG_WARN_OBJC_ROOT_CLASS = YES_ERROR;
				CLANG_WARN_UNREACHABLE_CODE = YES;
				CLANG_WARN__DUPLICATE_METHOD_MATCH = YES;
				CODE_SIGN_IDENTITY = "iPhone Developer: JIAN XU (HJ7Z5MW5GU)";
				"CODE_SIGN_IDENTITY[sdk=iphoneos*]" = "iPhone Developer";
				COPY_PHASE_STRIP = NO;
				ENABLE_STRICT_OBJC_MSGSEND = YES;
				GCC_C_LANGUAGE_STANDARD = gnu99;
				GCC_DYNAMIC_NO_PIC = NO;
				GCC_OPTIMIZATION_LEVEL = 0;
				GCC_PREPROCESSOR_DEFINITIONS = (
					"DEBUG=1",
					"$(inherited)",
				);
				GCC_SYMBOLS_PRIVATE_EXTERN = NO;
				GCC_WARN_64_TO_32_BIT_CONVERSION = YES;
				GCC_WARN_ABOUT_RETURN_TYPE = YES_ERROR;
				GCC_WARN_UNDECLARED_SELECTOR = YES;
				GCC_WARN_UNINITIALIZED_AUTOS = YES_AGGRESSIVE;
				GCC_WARN_UNUSED_FUNCTION = YES;
				GCC_WARN_UNUSED_VARIABLE = YES;
				IPHONEOS_DEPLOYMENT_TARGET = 8.1;
				MTL_ENABLE_DEBUG_INFO = YES;
				ONLY_ACTIVE_ARCH = YES;
				PROVISIONING_PROFILE = "85cf34d6-6d56-4c59-845c-2969e2a72ea0";
				SDKROOT = iphoneos;
			};
			name = Debug;
		};
		20CFBEAB1ACFE2ED00289A17 /* Release */ = {
			isa = XCBuildConfiguration;
			buildSettings = {
				ALWAYS_SEARCH_USER_PATHS = NO;
				CLANG_CXX_LANGUAGE_STANDARD = "gnu++0x";
				CLANG_CXX_LIBRARY = "libc++";
				CLANG_ENABLE_MODULES = YES;
				CLANG_ENABLE_OBJC_ARC = YES;
				CLANG_WARN_BOOL_CONVERSION = YES;
				CLANG_WARN_CONSTANT_CONVERSION = YES;
				CLANG_WARN_DIRECT_OBJC_ISA_USAGE = YES_ERROR;
				CLANG_WARN_EMPTY_BODY = YES;
				CLANG_WARN_ENUM_CONVERSION = YES;
				CLANG_WARN_INT_CONVERSION = YES;
				CLANG_WARN_OBJC_ROOT_CLASS = YES_ERROR;
				CLANG_WARN_UNREACHABLE_CODE = YES;
				CLANG_WARN__DUPLICATE_METHOD_MATCH = YES;
				CODE_SIGN_IDENTITY = "iPhone Developer: JIAN XU (HJ7Z5MW5GU)";
				"CODE_SIGN_IDENTITY[sdk=iphoneos*]" = "iPhone Developer";
				COPY_PHASE_STRIP = YES;
				ENABLE_NS_ASSERTIONS = NO;
				ENABLE_STRICT_OBJC_MSGSEND = YES;
				GCC_C_LANGUAGE_STANDARD = gnu99;
				GCC_WARN_64_TO_32_BIT_CONVERSION = YES;
				GCC_WARN_ABOUT_RETURN_TYPE = YES_ERROR;
				GCC_WARN_UNDECLARED_SELECTOR = YES;
				GCC_WARN_UNINITIALIZED_AUTOS = YES_AGGRESSIVE;
				GCC_WARN_UNUSED_FUNCTION = YES;
				GCC_WARN_UNUSED_VARIABLE = YES;
				IPHONEOS_DEPLOYMENT_TARGET = 8.1;
				MTL_ENABLE_DEBUG_INFO = NO;
				PROVISIONING_PROFILE = "85cf34d6-6d56-4c59-845c-2969e2a72ea0";
				SDKROOT = iphoneos;
				VALIDATE_PRODUCT = YES;
			};
			name = Release;
		};
		20CFBEAD1ACFE2ED00289A17 /* Debug */ = {
			isa = XCBuildConfiguration;
			baseConfigurationReference = 130AF8342476709697BABBB3 /* Pods-ME310FarmAssistant.debug.xcconfig */;
			buildSettings = {
				ASSETCATALOG_COMPILER_APPICON_NAME = AppIcon;
				CODE_SIGN_IDENTITY = "iPhone Developer: JIAN XU (HJ7Z5MW5GU)";
				GCC_PRECOMPILE_PREFIX_HEADER = YES;
				GCC_PREFIX_HEADER = "ME310FarmAssistant/ME310FarmAssistant-Prefix.pch";
				INFOPLIST_FILE = ME310FarmAssistant/Info.plist;
				LD_RUNPATH_SEARCH_PATHS = "$(inherited) @executable_path/Frameworks";
				PRODUCT_NAME = "$(TARGET_NAME)";
				PROVISIONING_PROFILE = "85cf34d6-6d56-4c59-845c-2969e2a72ea0";
				TARGETED_DEVICE_FAMILY = "1,2";
			};
			name = Debug;
		};
		20CFBEAE1ACFE2ED00289A17 /* Release */ = {
			isa = XCBuildConfiguration;
			baseConfigurationReference = 03E5A902E9D6F750EDD95FE9 /* Pods-ME310FarmAssistant.release.xcconfig */;
			buildSettings = {
				ASSETCATALOG_COMPILER_APPICON_NAME = AppIcon;
				CODE_SIGN_IDENTITY = "iPhone Developer: JIAN XU (HJ7Z5MW5GU)";
				GCC_PRECOMPILE_PREFIX_HEADER = YES;
				GCC_PREFIX_HEADER = "ME310FarmAssistant/ME310FarmAssistant-Prefix.pch";
				INFOPLIST_FILE = ME310FarmAssistant/Info.plist;
				LD_RUNPATH_SEARCH_PATHS = "$(inherited) @executable_path/Frameworks";
				PRODUCT_NAME = "$(TARGET_NAME)";
				PROVISIONING_PROFILE = "85cf34d6-6d56-4c59-845c-2969e2a72ea0";
				TARGETED_DEVICE_FAMILY = "1,2";
			};
			name = Release;
		};
		20CFBEB01ACFE2ED00289A17 /* Debug */ = {
			isa = XCBuildConfiguration;
			buildSettings = {
				BUNDLE_LOADER = "$(TEST_HOST)";
				CODE_SIGN_IDENTITY = "iPhone Developer: JIAN XU (HJ7Z5MW5GU)";
				FRAMEWORK_SEARCH_PATHS = (
					"$(SDKROOT)/Developer/Library/Frameworks",
					"$(inherited)",
				);
				GCC_PREPROCESSOR_DEFINITIONS = (
					"DEBUG=1",
					"$(inherited)",
				);
				INFOPLIST_FILE = ME310FarmAssistantTests/Info.plist;
				LD_RUNPATH_SEARCH_PATHS = "$(inherited) @executable_path/Frameworks @loader_path/Frameworks";
				PRODUCT_NAME = "$(TARGET_NAME)";
				TEST_HOST = "$(BUILT_PRODUCTS_DIR)/ME310FarmAssistant.app/ME310FarmAssistant";
			};
			name = Debug;
		};
		20CFBEB11ACFE2ED00289A17 /* Release */ = {
			isa = XCBuildConfiguration;
			buildSettings = {
				BUNDLE_LOADER = "$(TEST_HOST)";
				CODE_SIGN_IDENTITY = "iPhone Developer: JIAN XU (HJ7Z5MW5GU)";
				FRAMEWORK_SEARCH_PATHS = (
					"$(SDKROOT)/Developer/Library/Frameworks",
					"$(inherited)",
				);
				INFOPLIST_FILE = ME310FarmAssistantTests/Info.plist;
				LD_RUNPATH_SEARCH_PATHS = "$(inherited) @executable_path/Frameworks @loader_path/Frameworks";
				PRODUCT_NAME = "$(TARGET_NAME)";
				TEST_HOST = "$(BUILT_PRODUCTS_DIR)/ME310FarmAssistant.app/ME310FarmAssistant";
			};
			name = Release;
		};
/* End XCBuildConfiguration section */

/* Begin XCConfigurationList section */
		20CFBE841ACFE2EC00289A17 /* Build configuration list for PBXProject "ME310FarmAssistant" */ = {
			isa = XCConfigurationList;
			buildConfigurations = (
				20CFBEAA1ACFE2ED00289A17 /* Debug */,
				20CFBEAB1ACFE2ED00289A17 /* Release */,
			);
			defaultConfigurationIsVisible = 0;
			defaultConfigurationName = Release;
		};
		20CFBEAC1ACFE2ED00289A17 /* Build configuration list for PBXNativeTarget "ME310FarmAssistant" */ = {
			isa = XCConfigurationList;
			buildConfigurations = (
				20CFBEAD1ACFE2ED00289A17 /* Debug */,
				20CFBEAE1ACFE2ED00289A17 /* Release */,
			);
			defaultConfigurationIsVisible = 0;
			defaultConfigurationName = Release;
		};
		20CFBEAF1ACFE2ED00289A17 /* Build configuration list for PBXNativeTarget "ME310FarmAssistantTests" */ = {
			isa = XCConfigurationList;
			buildConfigurations = (
				20CFBEB01ACFE2ED00289A17 /* Debug */,
				20CFBEB11ACFE2ED00289A17 /* Release */,
			);
			defaultConfigurationIsVisible = 0;
			defaultConfigurationName = Release;
		};
/* End XCConfigurationList section */
	};
	rootObject = 20CFBE811ACFE2EC00289A17 /* Project object */;
}
